
Microsoft Visual Studio Solution File, Format Version 12.00
# Visual Studio 15
Project("{FAE04EC0-301F-11D3-BF4B-00C04F79EFBC}") = "Assembly-CSharp", "Assembly-CSharp.csproj", "{1EC5021F-940D-AE5D-8159-DEA0BF07F91E}"
EndProject
Project("{FAE04EC0-301F-11D3-BF4B-00C04F79EFBC}") = "Assembly-CSharp-firstpass", "Assembly-CSharp-firstpass.csproj", "{C184D0BB-9166-4CB8-B269-98AA99532599}"
EndProject
Project("{FAE04EC0-301F-11D3-BF4B-00C04F79EFBC}") = "Assembly-CSharp-Editor", "Assembly-CSharp-Editor.csproj", "{DD0DC7C0-325D-18EC-ACD9-F8E2BCB5E9AF}"
EndProject
Global
	GlobalSection(SolutionConfigurationPlatforms) = preSolution
		Debug|Any CPU = Debug|Any CPU
		Release|Any CPU = Release|Any CPU
	EndGlobalSection
	GlobalSection(ProjectConfigurationPlatforms) = postSolution
		{1EC5021F-940D-AE5D-8159-DEA0BF07F91E}.Debug|Any CPU.ActiveCfg = Debug|Any CPU
		{1EC5021F-940D-AE5D-8159-DEA0BF07F91E}.Debug|Any CPU.Build.0 = Debug|Any CPU
		{1EC5021F-940D-AE5D-8159-DEA0BF07F91E}.Release|Any CPU.ActiveCfg = Release|Any CPU
		{1EC5021F-940D-AE5D-8159-DEA0BF07F91E}.Release|Any CPU.Build.0 = Release|Any CPU
		{C184D0BB-9166-4CB8-B269-98AA99532599}.Debug|Any CPU.ActiveCfg = Debug|Any CPU
		{C184D0BB-9166-4CB8-B269-98AA99532599}.Debug|Any CPU.Build.0 = Debug|Any CPU
		{C184D0BB-9166-4CB8-B269-98AA99532599}.Release|Any CPU.ActiveCfg = Release|Any CPU
		{C184D0BB-9166-4CB8-B269-98AA99532599}.Release|Any CPU.Build.0 = Release|Any CPU
		{DD0DC7C0-325D-18EC-ACD9-F8E2BCB5E9AF}.Debug|Any CPU.ActiveCfg = Debug|Any CPU
		{DD0DC7C0-325D-18EC-ACD9-F8E2BCB5E9AF}.Debug|Any CPU.Build.0 = Debug|Any CPU
		{DD0DC7C0-325D-18EC-ACD9-F8E2BCB5E9AF}.Release|Any CPU.ActiveCfg = Release|Any CPU
		{DD0DC7C0-325D-18EC-ACD9-F8E2BCB5E9AF}.Release|Any CPU.Build.0 = Release|Any CPU
	EndGlobalSection
	GlobalSection(SolutionProperties) = preSolution
		HideSolutionNode = FALSE
	EndGlobalSection
EndGlobal
